// !$*UTF8*$!
{
	archiveVersion = 1;
	classes = {
	};
	objectVersion = 46;
	objects = {

/* Begin PBXBuildFile section */
		C42FA5011A75D29000F33E35 /* AppDelegate.swift in Sources */ = {isa = PBXBuildFile; fileRef = C42FA5001A75D29000F33E35 /* AppDelegate.swift */; };
		C42FA5031A75D29000F33E35 /* ViewController.swift in Sources */ = {isa = PBXBuildFile; fileRef = C42FA5021A75D29000F33E35 /* ViewController.swift */; };
		C42FA5061A75D29000F33E35 /* Main.storyboard in Resources */ = {isa = PBXBuildFile; fileRef = C42FA5041A75D29000F33E35 /* Main.storyboard */; };
		C42FA5081A75D29000F33E35 /* Images.xcassets in Resources */ = {isa = PBXBuildFile; fileRef = C42FA5071A75D29000F33E35 /* Images.xcassets */; };
		C42FA50B1A75D29000F33E35 /* LaunchScreen.xib in Resources */ = {isa = PBXBuildFile; fileRef = C42FA5091A75D29000F33E35 /* LaunchScreen.xib */; };
		C42FA5171A75D29000F33E35 /* TILrTests.swift in Sources */ = {isa = PBXBuildFile; fileRef = C42FA5161A75D29000F33E35 /* TILrTests.swift */; };
/* End PBXBuildFile section */

/* Begin PBXContainerItemProxy section */
		C42FA5111A75D29000F33E35 /* PBXContainerItemProxy */ = {
			isa = PBXContainerItemProxy;
			containerPortal = C42FA4F31A75D29000F33E35 /* Project object */;
			proxyType = 1;
			remoteGlobalIDString = C42FA4FA1A75D29000F33E35;
			remoteInfo = TILr;
		};
/* End PBXContainerItemProxy section */

/* Begin PBXFileReference section */
		C42FA4FB1A75D29000F33E35 /* TILr.app */ = {isa = PBXFileReference; explicitFileType = wrapper.application; includeInIndex = 0; path = TILr.app; sourceTree = BUILT_PRODUCTS_DIR; };
		C42FA4FF1A75D29000F33E35 /* Info.plist */ = {isa = PBXFileReference; lastKnownFileType = text.plist.xml; path = Info.plist; sourceTree = "<group>"; };
		C42FA5001A75D29000F33E35 /* AppDelegate.swift */ = {isa = PBXFileReference; lastKnownFileType = sourcecode.swift; path = AppDelegate.swift; sourceTree = "<group>"; };
		C42FA5021A75D29000F33E35 /* ViewController.swift */ = {isa = PBXFileReference; lastKnownFileType = sourcecode.swift; path = ViewController.swift; sourceTree = "<group>"; };
		C42FA5051A75D29000F33E35 /* Base */ = {isa = PBXFileReference; lastKnownFileType = file.storyboard; name = Base; path = Base.lproj/Main.storyboard; sourceTree = "<group>"; };
		C42FA5071A75D29000F33E35 /* Images.xcassets */ = {isa = PBXFileReference; lastKnownFileType = folder.assetcatalog; path = Images.xcassets; sourceTree = "<group>"; };
		C42FA50A1A75D29000F33E35 /* Base */ = {isa = PBXFileReference; lastKnownFileType = file.xib; name = Base; path = Base.lproj/LaunchScreen.xib; sourceTree = "<group>"; };
		C42FA5101A75D29000F33E35 /* TILrTests.xctest */ = {isa = PBXFileReference; explicitFileType = wrapper.cfbundle; includeInIndex = 0; path = TILrTests.xctest; sourceTree = BUILT_PRODUCTS_DIR; };
		C42FA5151A75D29000F33E35 /* Info.plist */ = {isa = PBXFileReference; lastKnownFileType = text.plist.xml; path = Info.plist; sourceTree = "<group>"; };
		C42FA5161A75D29000F33E35 /* TILrTests.swift */ = {isa = PBXFileReference; lastKnownFileType = sourcecode.swift; path = TILrTests.swift; sourceTree = "<group>"; };
/* End PBXFileReference section */

/* Begin PBXFrameworksBuildPhase section */
		C42FA4F81A75D29000F33E35 /* Frameworks */ = {
			isa = PBXFrameworksBuildPhase;
			buildActionMask = 2147483647;
			files = (
			);
			runOnlyForDeploymentPostprocessing = 0;
		};
		C42FA50D1A75D29000F33E35 /* Frameworks */ = {
			isa = PBXFrameworksBuildPhase;
			buildActionMask = 2147483647;
			files = (
			);
			runOnlyForDeploymentPostprocessing = 0;
		};
/* End PBXFrameworksBuildPhase section */

/* Begin PBXGroup section */
		C42FA4F21A75D29000F33E35 = {
			isa = PBXGroup;
			children = (
				C42FA4FD1A75D29000F33E35 /* TILr */,
				C42FA5131A75D29000F33E35 /* TILrTests */,
				C42FA4FC1A75D29000F33E35 /* Products */,
			);
			sourceTree = "<group>";
		};
		C42FA4FC1A75D29000F33E35 /* Products */ = {
			isa = PBXGroup;
			children = (
				C42FA4FB1A75D29000F33E35 /* TILr.app */,
				C42FA5101A75D29000F33E35 /* TILrTests.xctest */,
			);
			name = Products;
			sourceTree = "<group>";
		};
		C42FA4FD1A75D29000F33E35 /* TILr */ = {
			isa = PBXGroup;
			children = (
				C42FA5001A75D29000F33E35 /* AppDelegate.swift */,
				C42FA5021A75D29000F33E35 /* ViewController.swift */,
				C42FA5041A75D29000F33E35 /* Main.storyboard */,
				C42FA5071A75D29000F33E35 /* Images.xcassets */,
				C42FA5091A75D29000F33E35 /* LaunchScreen.xib */,
				C42FA4FE1A75D29000F33E35 /* Supporting Files */,
			);
			path = TILr;
			sourceTree = "<group>";
		};
		C42FA4FE1A75D29000F33E35 /* Supporting Files */ = {
			isa = PBXGroup;
			children = (
				C42FA4FF1A75D29000F33E35 /* Info.plist */,
			);
			name = "Supporting Files";
			sourceTree = "<group>";
		};
		C42FA5131A75D29000F33E35 /* TILrTests */ = {
			isa = PBXGroup;
			children = (
				C42FA5161A75D29000F33E35 /* TILrTests.swift */,
				C42FA5141A75D29000F33E35 /* Supporting Files */,
			);
			path = TILrTests;
			sourceTree = "<group>";
		};
		C42FA5141A75D29000F33E35 /* Supporting Files */ = {
			isa = PBXGroup;
			children = (
				C42FA5151A75D29000F33E35 /* Info.plist */,
			);
			name = "Supporting Files";
			sourceTree = "<group>";
		};
/* End PBXGroup section */

/* Begin PBXNativeTarget section */
		C42FA4FA1A75D29000F33E35 /* TILr */ = {
			isa = PBXNativeTarget;
			buildConfigurationList = C42FA51A1A75D29000F33E35 /* Build configuration list for PBXNativeTarget "TILr" */;
			buildPhases = (
				C42FA4F71A75D29000F33E35 /* Sources */,
				C42FA4F81A75D29000F33E35 /* Frameworks */,
				C42FA4F91A75D29000F33E35 /* Resources */,
			);
			buildRules = (
			);
			dependencies = (
			);
			name = TILr;
			productName = TILr;
			productReference = C42FA4FB1A75D29000F33E35 /* TILr.app */;
			productType = "com.apple.product-type.application";
		};
		C42FA50F1A75D29000F33E35 /* TILrTests */ = {
			isa = PBXNativeTarget;
			buildConfigurationList = C42FA51D1A75D29000F33E35 /* Build configuration list for PBXNativeTarget "TILrTests" */;
			buildPhases = (
				C42FA50C1A75D29000F33E35 /* Sources */,
				C42FA50D1A75D29000F33E35 /* Frameworks */,
				C42FA50E1A75D29000F33E35 /* Resources */,
			);
			buildRules = (
			);
			dependencies = (
				C42FA5121A75D29000F33E35 /* PBXTargetDependency */,
			);
			name = TILrTests;
			productName = TILrTests;
			productReference = C42FA5101A75D29000F33E35 /* TILrTests.xctest */;
			productType = "com.apple.product-type.bundle.unit-test";
		};
/* End PBXNativeTarget section */

/* Begin PBXProject section */
		C42FA4F31A75D29000F33E35 /* Project object */ = {
			isa = PBXProject;
			attributes = {
				LastUpgradeCheck = 0610;
				ORGANIZATIONNAME = NearInfamy;
				TargetAttributes = {
					C42FA4FA1A75D29000F33E35 = {
						CreatedOnToolsVersion = 6.1.1;
					};
					C42FA50F1A75D29000F33E35 = {
						CreatedOnToolsVersion = 6.1.1;
						TestTargetID = C42FA4FA1A75D29000F33E35;
					};
				};
			};
			buildConfigurationList = C42FA4F61A75D29000F33E35 /* Build configuration list for PBXProject "TILr" */;
			compatibilityVersion = "Xcode 3.2";
			developmentRegion = English;
			hasScannedForEncodings = 0;
			knownRegions = (
				en,
				Base,
			);
			mainGroup = C42FA4F21A75D29000F33E35;
			productRefGroup = C42FA4FC1A75D29000F33E35 /* Products */;
			projectDirPath = "";
			projectRoot = "";
			targets = (
				C42FA4FA1A75D29000F33E35 /* TILr */,
				C42FA50F1A75D29000F33E35 /* TILrTests */,
			);
		};
/* End PBXProject section */

/* Begin PBXResourcesBuildPhase section */
		C42FA4F91A75D29000F33E35 /* Resources */ = {
			isa = PBXResourcesBuildPhase;
			buildActionMask = 2147483647;
			files = (
				C42FA5061A75D29000F33E35 /* Main.storyboard in Resources */,
				C42FA50B1A75D29000F33E35 /* LaunchScreen.xib in Resources */,
				C42FA5081A75D29000F33E35 /* Images.xcassets in Resources */,
			);
			runOnlyForDeploymentPostprocessing = 0;
		};
		C42FA50E1A75D29000F33E35 /* Resources */ = {
			isa = PBXResourcesBuildPhase;
			buildActionMask = 2147483647;
			files = (
			);
			runOnlyForDeploymentPostprocessing = 0;
		};
/* End PBXResourcesBuildPhase section */

/* Begin PBXSourcesBuildPhase section */
		C42FA4F71A75D29000F33E35 /* Sources */ = {
			isa = PBXSourcesBuildPhase;
			buildActionMask = 2147483647;
			files = (
				C42FA5031A75D29000F33E35 /* ViewController.swift in Sources */,
				C42FA5011A75D29000F33E35 /* AppDelegate.swift in Sources */,
			);
			runOnlyForDeploymentPostprocessing = 0;
		};
		C42FA50C1A75D29000F33E35 /* Sources */ = {
			isa = PBXSourcesBuildPhase;
			buildActionMask = 2147483647;
			files = (
				C42FA5171A75D29000F33E35 /* TILrTests.swift in Sources */,
			);
			runOnlyForDeploymentPostprocessing = 0;
		};
/* End PBXSourcesBuildPhase section */

/* Begin PBXTargetDependency section */
		C42FA5121A75D29000F33E35 /* PBXTargetDependency */ = {
			isa = PBXTargetDependency;
			target = C42FA4FA1A75D29000F33E35 /* TILr */;
			targetProxy = C42FA5111A75D29000F33E35 /* PBXContainerItemProxy */;
		};
/* End PBXTargetDependency section */

/* Begin PBXVariantGroup section */
		C42FA5041A75D29000F33E35 /* Main.storyboard */ = {
			isa = PBXVariantGroup;
			children = (
				C42FA5051A75D29000F33E35 /* Base */,
			);
			name = Main.storyboard;
			sourceTree = "<group>";
		};
		C42FA5091A75D29000F33E35 /* LaunchScreen.xib */ = {
			isa = PBXVariantGroup;
			children = (
				C42FA50A1A75D29000F33E35 /* Base */,
			);
			name = LaunchScreen.xib;
			sourceTree = "<group>";
		};
/* End PBXVariantGroup section */

/* Begin XCBuildConfiguration section */
		C42FA5181A75D29000F33E35 /* Debug */ = {
			isa = XCBuildConfiguration;
			buildSettings = {
				ALWAYS_SEARCH_USER_PATHS = NO;
				CLANG_CXX_LANGUAGE_STANDARD = "gnu++0x";
				CLANG_CXX_LIBRARY = "libc++";
				CLANG_ENABLE_MODULES = YES;
				CLANG_ENABLE_OBJC_ARC = YES;
				CLANG_WARN_BOOL_CONVERSION = YES;
				CLANG_WARN_CONSTANT_CONVERSION = YES;
				CLANG_WARN_DIRECT_OBJC_ISA_USAGE = YES_ERROR;
				CLANG_WARN_EMPTY_BODY = YES;
				CLANG_WARN_ENUM_CONVERSION = YES;
				CLANG_WARN_INT_CONVERSION = YES;
				CLANG_WARN_OBJC_ROOT_CLASS = YES_ERROR;
				CLANG_WARN_UNREACHABLE_CODE = YES;
				CLANG_WARN__DUPLICATE_METHOD_MATCH = YES;
				"CODE_SIGN_IDENTITY[sdk=iphoneos*]" = "iPhone Developer";
				COPY_PHASE_STRIP = NO;
				ENABLE_STRICT_OBJC_MSGSEND = YES;
				GCC_C_LANGUAGE_STANDARD = gnu99;
				GCC_DYNAMIC_NO_PIC = NO;
				GCC_OPTIMIZATION_LEVEL = 0;
				GCC_PREPROCESSOR_DEFINITIONS = (
					"DEBUG=1",
					"$(inherited)",
				);
				GCC_SYMBOLS_PRIVATE_EXTERN = NO;
				GCC_WARN_64_TO_32_BIT_CONVERSION = YES;
				GCC_WARN_ABOUT_RETURN_TYPE = YES_ERROR;
				GCC_WARN_UNDECLARED_SELECTOR = YES;
				GCC_WARN_UNINITIALIZED_AUTOS = YES_AGGRESSIVE;
				GCC_WARN_UNUSED_FUNCTION = YES;
				GCC_WARN_UNUSED_VARIABLE = YES;
				IPHONEOS_DEPLOYMENT_TARGET = 8.1;
				MTL_ENABLE_DEBUG_INFO = YES;
				ONLY_ACTIVE_ARCH = YES;
				SDKROOT = iphoneos;
				SWIFT_OPTIMIZATION_LEVEL = "-Onone";
			};
			name = Debug;
		};
		C42FA5191A75D29000F33E35 /* Release */ = {
			isa = XCBuildConfiguration;
			buildSettings = {
				ALWAYS_SEARCH_USER_PATHS = NO;
				CLANG_CXX_LANGUAGE_STANDARD = "gnu++0x";
				CLANG_CXX_LIBRARY = "libc++";
				CLANG_ENABLE_MODULES = YES;
				CLANG_ENABLE_OBJC_ARC = YES;
				CLANG_WARN_BOOL_CONVERSION = YES;
				CLANG_WARN_CONSTANT_CONVERSION = YES;
				CLANG_WARN_DIRECT_OBJC_ISA_USAGE = YES_ERROR;
				CLANG_WARN_EMPTY_BODY = YES;
				CLANG_WARN_ENUM_CONVERSION = YES;
				CLANG_WARN_INT_CONVERSION = YES;
				CLANG_WARN_OBJC_ROOT_CLASS = YES_ERROR;
				CLANG_WARN_UNREACHABLE_CODE = YES;
				CLANG_WARN__DUPLICATE_METHOD_MATCH = YES;
				"CODE_SIGN_IDENTITY[sdk=iphoneos*]" = "iPhone Developer";
				COPY_PHASE_STRIP = YES;
				ENABLE_NS_ASSERTIONS = NO;
				ENABLE_STRICT_OBJC_MSGSEND = YES;
				GCC_C_LANGUAGE_STANDARD = gnu99;
				GCC_WARN_64_TO_32_BIT_CONVERSION = YES;
				GCC_WARN_ABOUT_RETURN_TYPE = YES_ERROR;
				GCC_WARN_UNDECLARED_SELECTOR = YES;
				GCC_WARN_UNINITIALIZED_AUTOS = YES_AGGRESSIVE;
				GCC_WARN_UNUSED_FUNCTION = YES;
				GCC_WARN_UNUSED_VARIABLE = YES;
				IPHONEOS_DEPLOYMENT_TARGET = 8.1;
				MTL_ENABLE_DEBUG_INFO = NO;
				SDKROOT = iphoneos;
				VALIDATE_PRODUCT = YES;
			};
			name = Release;
		};
		C42FA51B1A75D29000F33E35 /* Debug */ = {
			isa = XCBuildConfiguration;
			buildSettings = {
				ASSETCATALOG_COMPILER_APPICON_NAME = AppIcon;
				INFOPLIST_FILE = TILr/Info.plist;
				LD_RUNPATH_SEARCH_PATHS = "$(inherited) @executable_path/Frameworks";
				PRODUCT_NAME = "$(TARGET_NAME)";
			};
			name = Debug;
		};
		C42FA51C1A75D29000F33E35 /* Release */ = {
			isa = XCBuildConfiguration;
			buildSettings = {
				ASSETCATALOG_COMPILER_APPICON_NAME = AppIcon;
				INFOPLIST_FILE = TILr/Info.plist;
				LD_RUNPATH_SEARCH_PATHS = "$(inherited) @executable_path/Frameworks";
				PRODUCT_NAME = "$(TARGET_NAME)";
			};
			name = Release;
		};
		C42FA51E1A75D29000F33E35 /* Debug */ = {
			isa = XCBuildConfiguration;
			buildSettings = {
				BUNDLE_LOADER = "$(TEST_HOST)";
				FRAMEWORK_SEARCH_PATHS = (
					"$(SDKROOT)/Developer/Library/Frameworks",
					"$(inherited)",
				);
				GCC_PREPROCESSOR_DEFINITIONS = (
					"DEBUG=1",
					"$(inherited)",
				);
				INFOPLIST_FILE = TILrTests/Info.plist;
				LD_RUNPATH_SEARCH_PATHS = "$(inherited) @executable_path/Frameworks @loader_path/Frameworks";
				PRODUCT_NAME = "$(TARGET_NAME)";
				TEST_HOST = "$(BUILT_PRODUCTS_DIR)/TILr.app/TILr";
			};
			name = Debug;
		};
		C42FA51F1A75D29000F33E35 /* Release */ = {
			isa = XCBuildConfiguration;
			buildSettings = {
				BUNDLE_LOADER = "$(TEST_HOST)";
				FRAMEWORK_SEARCH_PATHS = (
					"$(SDKROOT)/Developer/Library/Frameworks",
					"$(inherited)",
				);
				INFOPLIST_FILE = TILrTests/Info.plist;
				LD_RUNPATH_SEARCH_PATHS = "$(inherited) @executable_path/Frameworks @loader_path/Frameworks";
				PRODUCT_NAME = "$(TARGET_NAME)";
				TEST_HOST = "$(BUILT_PRODUCTS_DIR)/TILr.app/TILr";
			};
			name = Release;
		};
/* End XCBuildConfiguration section */

/* Begin XCConfigurationList section */
		C42FA4F61A75D29000F33E35 /* Build configuration list for PBXProject "TILr" */ = {
			isa = XCConfigurationList;
			buildConfigurations = (
				C42FA5181A75D29000F33E35 /* Debug */,
				C42FA5191A75D29000F33E35 /* Release */,
			);
			defaultConfigurationIsVisible = 0;
			defaultConfigurationName = Release;
		};
		C42FA51A1A75D29000F33E35 /* Build configuration list for PBXNativeTarget "TILr" */ = {
			isa = XCConfigurationList;
			buildConfigurations = (
				C42FA51B1A75D29000F33E35 /* Debug */,
				C42FA51C1A75D29000F33E35 /* Release */,
			);
			defaultConfigurationIsVisible = 0;
		};
		C42FA51D1A75D29000F33E35 /* Build configuration list for PBXNativeTarget "TILrTests" */ = {
			isa = XCConfigurationList;
			buildConfigurations = (
				C42FA51E1A75D29000F33E35 /* Debug */,
				C42FA51F1A75D29000F33E35 /* Release */,
			);
			defaultConfigurationIsVisible = 0;
		};
/* End XCConfigurationList section */
	};
	rootObject = C42FA4F31A75D29000F33E35 /* Project object */;
}
